{
    "name": "node-red-contrib-kobold",
    "version": "0.9.0",
    "lockfileVersion": 2,
    "requires": true,
    "packages": {
        "": {
            "name": "node-red-contrib-kobold",
            "version": "0.9.0",
            "dependencies": {
                "node-kobold-api": "*"
            },
            "devDependencies": {}
        },
        "node_modules/node-kobold-api": {
            "version": "1.0.0",
            "resolved": "https://registry.npmjs.org/node-kobold-api/-/node-kobold-api-1.0.0.tgz",
            "integrity": "sha512-yulMcz6aHzG/2Y1vM8wmG545czoxfaGZwwAqd0rl2d5lY+vdILh9EEyMYWIHd7C6ZUuMdg5jal34ey4xAkj2WA=="
        }
    },
    "dependencies": {
        "node-kobold-api": {
            "version": "1.0.0",
            "resolved": "https://registry.npmjs.org/node-kobold-api/-/node-kobold-api-1.0.0.tgz",
            "integrity": "sha512-yulMcz6aHzG/2Y1vM8wmG545czoxfaGZwwAqd0rl2d5lY+vdILh9EEyMYWIHd7C6ZUuMdg5jal34ey4xAkj2WA=="
        }
    }
}
